
Microsoft Visual Studio Solution File, Format Version 12.00
# Visual Studio Version 17
VisualStudioVersion = 17.11.35327.3
MinimumVisualStudioVersion = 10.0.40219.1
Project("{FAE04EC0-301F-11D3-BF4B-00C04F79EFBC}") = "Student_pattern", "Student_pattern\Student_pattern.csproj", "{B45801B6-0AE9-4738-AB10-33BAA3CC2AC8}"
EndProject
Global
	GlobalSection(SolutionConfigurationPlatforms) = preSolution
		Debug|Any CPU = Debug|Any CPU
		Release|Any CPU = Release|Any CPU
	EndGlobalSection
	GlobalSection(ProjectConfigurationPlatforms) = postSolution
		{B45801B6-0AE9-4738-AB10-33BAA3CC2AC8}.Debug|Any CPU.ActiveCfg = Debug|Any CPU
		{B45801B6-0AE9-4738-AB10-33BAA3CC2AC8}.Debug|Any CPU.Build.0 = Debug|Any CPU
		{B45801B6-0AE9-4738-AB10-33BAA3CC2AC8}.Release|Any CPU.ActiveCfg = Release|Any CPU
		{B45801B6-0AE9-4738-AB10-33BAA3CC2AC8}.Release|Any CPU.Build.0 = Release|Any CPU
	EndGlobalSection
	GlobalSection(SolutionProperties) = preSolution
		HideSolutionNode = FALSE
	EndGlobalSection
	GlobalSection(ExtensibilityGlobals) = postSolution
		SolutionGuid = {20D5CD93-86CE-49BB-A30D-22083A816B21}
	EndGlobalSection
EndGlobal
